{
  "originHash" : "9f72a7eedc9f8e96d92c68a41feb8a19276a3d5840e2184a9308f61d736b1755",
  "pins" : [
    {
      "identity" : "swiftaa",
      "kind" : "remoteSourceControl",
      "location" : "https://github.com/jnewkirk/SwiftAA",
      "state" : {
        "revision" : "18a291abe9c31e483ab4f573da87d050735f434d",
        "version" : "2.4.0"
      }
    }
  ],
  "version" : 3
}
